Microsoft Visual Studio Solution File, Format Version 12.00
# Visual Studio 2012
Project("{FAE04EC0-301F-11D3-BF4B-00C04F79EFBC}") = "RTS", "RTS.csproj", "{6BF2D8A0-C7D5-4944-871D-09F0EF0FA0DA}"
EndProject
Global
	GlobalSection(SolutionConfigurationPlatforms) = preSolution
	Debug|Any CPU = Debug|Any CPU
	ExportDebug|Any CPU = ExportDebug|Any CPU
	ExportRelease|Any CPU = ExportRelease|Any CPU
	EndGlobalSection
	GlobalSection(ProjectConfigurationPlatforms) = postSolution
		{6BF2D8A0-C7D5-4944-871D-09F0EF0FA0DA}.Debug|Any CPU.ActiveCfg = Debug|Any CPU
		{6BF2D8A0-C7D5-4944-871D-09F0EF0FA0DA}.Debug|Any CPU.Build.0 = Debug|Any CPU
		{6BF2D8A0-C7D5-4944-871D-09F0EF0FA0DA}.ExportDebug|Any CPU.ActiveCfg = ExportDebug|Any CPU
		{6BF2D8A0-C7D5-4944-871D-09F0EF0FA0DA}.ExportDebug|Any CPU.Build.0 = ExportDebug|Any CPU
		{6BF2D8A0-C7D5-4944-871D-09F0EF0FA0DA}.ExportRelease|Any CPU.ActiveCfg = ExportRelease|Any CPU
		{6BF2D8A0-C7D5-4944-871D-09F0EF0FA0DA}.ExportRelease|Any CPU.Build.0 = ExportRelease|Any CPU
	EndGlobalSection
EndGlobal
